// !$*UTF8*$!
{
	archiveVersion = 1;
	classes = {
	};
	objectVersion = 50;
	objects = {

/* Begin PBXBuildFile section */
		84A9A5C321DDD7E7009826BC /* AppDelegate.swift in Sources */ = {isa = PBXBuildFile; fileRef = 84A9A5C221DDD7E7009826BC /* AppDelegate.swift */; };
		84A9A5C521DDD7E7009826BC /* ViewController.swift in Sources */ = {isa = PBXBuildFile; fileRef = 84A9A5C421DDD7E7009826BC /* ViewController.swift */; };
		84A9A5C821DDD7E7009826BC /* Main.storyboard in Resources */ = {isa = PBXBuildFile; fileRef = 84A9A5C621DDD7E7009826BC /* Main.storyboard */; };
		84A9A5CA21DDD7E8009826BC /* Assets.xcassets in Resources */ = {isa = PBXBuildFile; fileRef = 84A9A5C921DDD7E8009826BC /* Assets.xcassets */; };
		84A9A5CD21DDD7E8009826BC /* LaunchScreen.storyboard in Resources */ = {isa = PBXBuildFile; fileRef = 84A9A5CB21DDD7E8009826BC /* LaunchScreen.storyboard */; };
		84A9A5DB21DDD930009826BC /* SpringView.swift in Sources */ = {isa = PBXBuildFile; fileRef = 84A9A5D421DDD930009826BC /* SpringView.swift */; };
		84A9A5DC21DDD930009826BC /* RightCell.swift in Sources */ = {isa = PBXBuildFile; fileRef = 84A9A5D521DDD930009826BC /* RightCell.swift */; };
		84A9A5DD21DDD930009826BC /* LeftCell.swift in Sources */ = {isa = PBXBuildFile; fileRef = 84A9A5D621DDD930009826BC /* LeftCell.swift */; };
		84A9A5DE21DDD930009826BC /* ChatCollectionController.swift in Sources */ = {isa = PBXBuildFile; fileRef = 84A9A5D721DDD930009826BC /* ChatCollectionController.swift */; };
		84A9A5DF21DDD930009826BC /* ChatCollectionController.xib in Resources */ = {isa = PBXBuildFile; fileRef = 84A9A5D821DDD930009826BC /* ChatCollectionController.xib */; };
		84A9A5E021DDD930009826BC /* LeftCell.xib in Resources */ = {isa = PBXBuildFile; fileRef = 84A9A5D921DDD930009826BC /* LeftCell.xib */; };
		84A9A5E121DDD930009826BC /* RightCell.xib in Resources */ = {isa = PBXBuildFile; fileRef = 84A9A5DA21DDD930009826BC /* RightCell.xib */; };
		84A9A5E721DDEA9F009826BC /* ChatEngine.swift in Sources */ = {isa = PBXBuildFile; fileRef = 84A9A5E621DDEA9F009826BC /* ChatEngine.swift */; };
		84A9A5EA21DDF158009826BC /* SuggestionCell.swift in Sources */ = {isa = PBXBuildFile; fileRef = 84A9A5E821DDF158009826BC /* SuggestionCell.swift */; };
		84A9A5EB21DDF158009826BC /* SuggestionCell.xib in Resources */ = {isa = PBXBuildFile; fileRef = 84A9A5E921DDF158009826BC /* SuggestionCell.xib */; };
/* End PBXBuildFile section */

/* Begin PBXFileReference section */
		84A9A5BF21DDD7E7009826BC /* ChatSuggestion.app */ = {isa = PBXFileReference; explicitFileType = wrapper.application; includeInIndex = 0; path = ChatSuggestion.app; sourceTree = BUILT_PRODUCTS_DIR; };
		84A9A5C221DDD7E7009826BC /* AppDelegate.swift */ = {isa = PBXFileReference; lastKnownFileType = sourcecode.swift; path = AppDelegate.swift; sourceTree = "<group>"; };
		84A9A5C421DDD7E7009826BC /* ViewController.swift */ = {isa = PBXFileReference; lastKnownFileType = sourcecode.swift; path = ViewController.swift; sourceTree = "<group>"; };
		84A9A5C721DDD7E7009826BC /* Base */ = {isa = PBXFileReference; lastKnownFileType = file.storyboard; name = Base; path = Base.lproj/Main.storyboard; sourceTree = "<group>"; };
		84A9A5C921DDD7E8009826BC /* Assets.xcassets */ = {isa = PBXFileReference; lastKnownFileType = folder.assetcatalog; path = Assets.xcassets; sourceTree = "<group>"; };
		84A9A5CC21DDD7E8009826BC /* Base */ = {isa = PBXFileReference; lastKnownFileType = file.storyboard; name = Base; path = Base.lproj/LaunchScreen.storyboard; sourceTree = "<group>"; };
		84A9A5CE21DDD7E8009826BC /* Info.plist */ = {isa = PBXFileReference; lastKnownFileType = text.plist.xml; path = Info.plist; sourceTree = "<group>"; };
		84A9A5D421DDD930009826BC /* SpringView.swift */ = {isa = PBXFileReference; fileEncoding = 4; lastKnownFileType = sourcecode.swift; path = SpringView.swift; sourceTree = "<group>"; };
		84A9A5D521DDD930009826BC /* RightCell.swift */ = {isa = PBXFileReference; fileEncoding = 4; lastKnownFileType = sourcecode.swift; path = RightCell.swift; sourceTree = "<group>"; };
		84A9A5D621DDD930009826BC /* LeftCell.swift */ = {isa = PBXFileReference; fileEncoding = 4; lastKnownFileType = sourcecode.swift; path = LeftCell.swift; sourceTree = "<group>"; };
		84A9A5D721DDD930009826BC /* ChatCollectionController.swift */ = {isa = PBXFileReference; fileEncoding = 4; lastKnownFileType = sourcecode.swift; path = ChatCollectionController.swift; sourceTree = "<group>"; };
		84A9A5D821DDD930009826BC /* ChatCollectionController.xib */ = {isa = PBXFileReference; fileEncoding = 4; lastKnownFileType = file.xib; path = ChatCollectionController.xib; sourceTree = "<group>"; };
		84A9A5D921DDD930009826BC /* LeftCell.xib */ = {isa = PBXFileReference; fileEncoding = 4; lastKnownFileType = file.xib; path = LeftCell.xib; sourceTree = "<group>"; };
		84A9A5DA21DDD930009826BC /* RightCell.xib */ = {isa = PBXFileReference; fileEncoding = 4; lastKnownFileType = file.xib; path = RightCell.xib; sourceTree = "<group>"; };
		84A9A5E621DDEA9F009826BC /* ChatEngine.swift */ = {isa = PBXFileReference; lastKnownFileType = sourcecode.swift; path = ChatEngine.swift; sourceTree = "<group>"; };
		84A9A5E821DDF158009826BC /* SuggestionCell.swift */ = {isa = PBXFileReference; lastKnownFileType = sourcecode.swift; path = SuggestionCell.swift; sourceTree = "<group>"; };
		84A9A5E921DDF158009826BC /* SuggestionCell.xib */ = {isa = PBXFileReference; lastKnownFileType = file.xib; path = SuggestionCell.xib; sourceTree = "<group>"; };
/* End PBXFileReference section */

/* Begin PBXFrameworksBuildPhase section */
		84A9A5BC21DDD7E7009826BC /* Frameworks */ = {
			isa = PBXFrameworksBuildPhase;
			buildActionMask = 2147483647;
			files = (
			);
			runOnlyForDeploymentPostprocessing = 0;
		};
/* End PBXFrameworksBuildPhase section */

/* Begin PBXGroup section */
		84A9A5B621DDD7E7009826BC = {
			isa = PBXGroup;
			children = (
				84A9A5C121DDD7E7009826BC /* ChatSuggestion */,
				84A9A5C021DDD7E7009826BC /* Products */,
			);
			sourceTree = "<group>";
		};
		84A9A5C021DDD7E7009826BC /* Products */ = {
			isa = PBXGroup;
			children = (
				84A9A5BF21DDD7E7009826BC /* ChatSuggestion.app */,
			);
			name = Products;
			sourceTree = "<group>";
		};
		84A9A5C121DDD7E7009826BC /* ChatSuggestion */ = {
			isa = PBXGroup;
			children = (
				84A9A5C221DDD7E7009826BC /* AppDelegate.swift */,
				84A9A5C421DDD7E7009826BC /* ViewController.swift */,
				84A9A5D721DDD930009826BC /* ChatCollectionController.swift */,
				84A9A5D821DDD930009826BC /* ChatCollectionController.xib */,
				84A9A5D621DDD930009826BC /* LeftCell.swift */,
				84A9A5D921DDD930009826BC /* LeftCell.xib */,
				84A9A5D521DDD930009826BC /* RightCell.swift */,
				84A9A5DA21DDD930009826BC /* RightCell.xib */,
				84A9A5D421DDD930009826BC /* SpringView.swift */,
				84A9A5E621DDEA9F009826BC /* ChatEngine.swift */,
				84A9A5E821DDF158009826BC /* SuggestionCell.swift */,
				84A9A5E921DDF158009826BC /* SuggestionCell.xib */,
				84A9A5C621DDD7E7009826BC /* Main.storyboard */,
				84A9A5C921DDD7E8009826BC /* Assets.xcassets */,
				84A9A5CB21DDD7E8009826BC /* LaunchScreen.storyboard */,
				84A9A5CE21DDD7E8009826BC /* Info.plist */,
			);
			path = ChatSuggestion;
			sourceTree = "<group>";
		};
/* End PBXGroup section */

/* Begin PBXNativeTarget section */
		84A9A5BE21DDD7E7009826BC /* ChatSuggestion */ = {
			isa = PBXNativeTarget;
			buildConfigurationList = 84A9A5D121DDD7E8009826BC /* Build configuration list for PBXNativeTarget "ChatSuggestion" */;
			buildPhases = (
				84A9A5BB21DDD7E7009826BC /* Sources */,
				84A9A5BC21DDD7E7009826BC /* Frameworks */,
				84A9A5BD21DDD7E7009826BC /* Resources */,
			);
			buildRules = (
			);
			dependencies = (
			);
			name = ChatSuggestion;
			productName = ChatSuggestion;
			productReference = 84A9A5BF21DDD7E7009826BC /* ChatSuggestion.app */;
			productType = "com.apple.product-type.application";
		};
/* End PBXNativeTarget section */

/* Begin PBXProject section */
		84A9A5B721DDD7E7009826BC /* Project object */ = {
			isa = PBXProject;
			attributes = {
				LastSwiftUpdateCheck = 1010;
				LastUpgradeCheck = 1010;
				ORGANIZATIONNAME = Admin;
				TargetAttributes = {
					84A9A5BE21DDD7E7009826BC = {
						CreatedOnToolsVersion = 10.1;
					};
				};
			};
			buildConfigurationList = 84A9A5BA21DDD7E7009826BC /* Build configuration list for PBXProject "ChatSuggestion" */;
			compatibilityVersion = "Xcode 9.3";
			developmentRegion = en;
			hasScannedForEncodings = 0;
			knownRegions = (
				en,
				Base,
			);
			mainGroup = 84A9A5B621DDD7E7009826BC;
			productRefGroup = 84A9A5C021DDD7E7009826BC /* Products */;
			projectDirPath = "";
			projectRoot = "";
			targets = (
				84A9A5BE21DDD7E7009826BC /* ChatSuggestion */,
			);
		};
/* End PBXProject section */

/* Begin PBXResourcesBuildPhase section */
		84A9A5BD21DDD7E7009826BC /* Resources */ = {
			isa = PBXResourcesBuildPhase;
			buildActionMask = 2147483647;
			files = (
				84A9A5E121DDD930009826BC /* RightCell.xib in Resources */,
				84A9A5EB21DDF158009826BC /* SuggestionCell.xib in Resources */,
				84A9A5E021DDD930009826BC /* LeftCell.xib in Resources */,
				84A9A5CD21DDD7E8009826BC /* LaunchScreen.storyboard in Resources */,
				84A9A5DF21DDD930009826BC /* ChatCollectionController.xib in Resources */,
				84A9A5CA21DDD7E8009826BC /* Assets.xcassets in Resources */,
				84A9A5C821DDD7E7009826BC /* Main.storyboard in Resources */,
			);
			runOnlyForDeploymentPostprocessing = 0;
		};
/* End PBXResourcesBuildPhase section */

/* Begin PBXSourcesBuildPhase section */
		84A9A5BB21DDD7E7009826BC /* Sources */ = {
			isa = PBXSourcesBuildPhase;
			buildActionMask = 2147483647;
			files = (
				84A9A5DC21DDD930009826BC /* RightCell.swift in Sources */,
				84A9A5C521DDD7E7009826BC /* ViewController.swift in Sources */,
				84A9A5C321DDD7E7009826BC /* AppDelegate.swift in Sources */,
				84A9A5E721DDEA9F009826BC /* ChatEngine.swift in Sources */,
				84A9A5DB21DDD930009826BC /* SpringView.swift in Sources */,
				84A9A5DD21DDD930009826BC /* LeftCell.swift in Sources */,
				84A9A5DE21DDD930009826BC /* ChatCollectionController.swift in Sources */,
				84A9A5EA21DDF158009826BC /* SuggestionCell.swift in Sources */,
			);
			runOnlyForDeploymentPostprocessing = 0;
		};
/* End PBXSourcesBuildPhase section */

/* Begin PBXVariantGroup section */
		84A9A5C621DDD7E7009826BC /* Main.storyboard */ = {
			isa = PBXVariantGroup;
			children = (
				84A9A5C721DDD7E7009826BC /* Base */,
			);
			name = Main.storyboard;
			sourceTree = "<group>";
		};
		84A9A5CB21DDD7E8009826BC /* LaunchScreen.storyboard */ = {
			isa = PBXVariantGroup;
			children = (
				84A9A5CC21DDD7E8009826BC /* Base */,
			);
			name = LaunchScreen.storyboard;
			sourceTree = "<group>";
		};
/* End PBXVariantGroup section */

/* Begin XCBuildConfiguration section */
		84A9A5CF21DDD7E8009826BC /* Debug */ = {
			isa = XCBuildConfiguration;
			buildSettings = {
				ALWAYS_SEARCH_USER_PATHS = NO;
				CLANG_ANALYZER_NONNULL = YES;
				CLANG_ANALYZER_NUMBER_OBJECT_CONVERSION = YES_AGGRESSIVE;
				CLANG_CXX_LANGUAGE_STANDARD = "gnu++14";
				CLANG_CXX_LIBRARY = "libc++";
				CLANG_ENABLE_MODULES = YES;
				CLANG_ENABLE_OBJC_ARC = YES;
				CLANG_ENABLE_OBJC_WEAK = YES;
				CLANG_WARN_BLOCK_CAPTURE_AUTORELEASING = YES;
				CLANG_WARN_BOOL_CONVERSION = YES;
				CLANG_WARN_COMMA = YES;
				CLANG_WARN_CONSTANT_CONVERSION = YES;
				CLANG_WARN_DEPRECATED_OBJC_IMPLEMENTATIONS = YES;
				CLANG_WARN_DIRECT_OBJC_ISA_USAGE = YES_ERROR;
				CLANG_WARN_DOCUMENTATION_COMMENTS = YES;
				CLANG_WARN_EMPTY_BODY = YES;
				CLANG_WARN_ENUM_CONVERSION = YES;
				CLANG_WARN_INFINITE_RECURSION = YES;
				CLANG_WARN_INT_CONVERSION = YES;
				CLANG_WARN_NON_LITERAL_NULL_CONVERSION = YES;
				CLANG_WARN_OBJC_IMPLICIT_RETAIN_SELF = YES;
				CLANG_WARN_OBJC_LITERAL_CONVERSION = YES;
				CLANG_WARN_OBJC_ROOT_CLASS = YES_ERROR;
				CLANG_WARN_RANGE_LOOP_ANALYSIS = YES;
				CLANG_WARN_STRICT_PROTOTYPES = YES;
				CLANG_WARN_SUSPICIOUS_MOVE = YES;
				CLANG_WARN_UNGUARDED_AVAILABILITY = YES_AGGRESSIVE;
				CLANG_WARN_UNREACHABLE_CODE = YES;
				CLANG_WARN__DUPLICATE_METHOD_MATCH = YES;
				CODE_SIGN_IDENTITY = "iPhone Developer";
				COPY_PHASE_STRIP = NO;
				DEBUG_INFORMATION_FORMAT = dwarf;
				ENABLE_STRICT_OBJC_MSGSEND = YES;
				ENABLE_TESTABILITY = YES;
				GCC_C_LANGUAGE_STANDARD = gnu11;
				GCC_DYNAMIC_NO_PIC = NO;
				GCC_NO_COMMON_BLOCKS = YES;
				GCC_OPTIMIZATION_LEVEL = 0;
				GCC_PREPROCESSOR_DEFINITIONS = (
					"DEBUG=1",
					"$(inherited)",
				);
				GCC_WARN_64_TO_32_BIT_CONVERSION = YES;
				GCC_WARN_ABOUT_RETURN_TYPE = YES_ERROR;
				GCC_WARN_UNDECLARED_SELECTOR = YES;
				GCC_WARN_UNINITIALIZED_AUTOS = YES_AGGRESSIVE;
				GCC_WARN_UNUSED_FUNCTION = YES;
				GCC_WARN_UNUSED_VARIABLE = YES;
				IPHONEOS_DEPLOYMENT_TARGET = 12.1;
				MTL_ENABLE_DEBUG_INFO = INCLUDE_SOURCE;
				MTL_FAST_MATH = YES;
				ONLY_ACTIVE_ARCH = YES;
				SDKROOT = iphoneos;
				SWIFT_ACTIVE_COMPILATION_CONDITIONS = DEBUG;
				SWIFT_OPTIMIZATION_LEVEL = "-Onone";
			};
			name = Debug;
		};
		84A9A5D021DDD7E8009826BC /* Release */ = {
			isa = XCBuildConfiguration;
			buildSettings = {
				ALWAYS_SEARCH_USER_PATHS = NO;
				CLANG_ANALYZER_NONNULL = YES;
				CLANG_ANALYZER_NUMBER_OBJECT_CONVERSION = YES_AGGRESSIVE;
				CLANG_CXX_LANGUAGE_STANDARD = "gnu++14";
				CLANG_CXX_LIBRARY = "libc++";
				CLANG_ENABLE_MODULES = YES;
				CLANG_ENABLE_OBJC_ARC = YES;
				CLANG_ENABLE_OBJC_WEAK = YES;
				CLANG_WARN_BLOCK_CAPTURE_AUTORELEASING = YES;
				CLANG_WARN_BOOL_CONVERSION = YES;
				CLANG_WARN_COMMA = YES;
				CLANG_WARN_CONSTANT_CONVERSION = YES;
				CLANG_WARN_DEPRECATED_OBJC_IMPLEMENTATIONS = YES;
				CLANG_WARN_DIRECT_OBJC_ISA_USAGE = YES_ERROR;
				CLANG_WARN_DOCUMENTATION_COMMENTS = YES;
				CLANG_WARN_EMPTY_BODY = YES;
				CLANG_WARN_ENUM_CONVERSION = YES;
				CLANG_WARN_INFINITE_RECURSION = YES;
				CLANG_WARN_INT_CONVERSION = YES;
				CLANG_WARN_NON_LITERAL_NULL_CONVERSION = YES;
				CLANG_WARN_OBJC_IMPLICIT_RETAIN_SELF = YES;
				CLANG_WARN_OBJC_LITERAL_CONVERSION = YES;
				CLANG_WARN_OBJC_ROOT_CLASS = YES_ERROR;
				CLANG_WARN_RANGE_LOOP_ANALYSIS = YES;
				CLANG_WARN_STRICT_PROTOTYPES = YES;
				CLANG_WARN_SUSPICIOUS_MOVE = YES;
				CLANG_WARN_UNGUARDED_AVAILABILITY = YES_AGGRESSIVE;
				CLANG_WARN_UNREACHABLE_CODE = YES;
				CLANG_WARN__DUPLICATE_METHOD_MATCH = YES;
				CODE_SIGN_IDENTITY = "iPhone Developer";
				COPY_PHASE_STRIP = NO;
				DEBUG_INFORMATION_FORMAT = "dwarf-with-dsym";
				ENABLE_NS_ASSERTIONS = NO;
				ENABLE_STRICT_OBJC_MSGSEND = YES;
				GCC_C_LANGUAGE_STANDARD = gnu11;
				GCC_NO_COMMON_BLOCKS = YES;
				GCC_WARN_64_TO_32_BIT_CONVERSION = YES;
				GCC_WARN_ABOUT_RETURN_TYPE = YES_ERROR;
				GCC_WARN_UNDECLARED_SELECTOR = YES;
				GCC_WARN_UNINITIALIZED_AUTOS = YES_AGGRESSIVE;
				GCC_WARN_UNUSED_FUNCTION = YES;
				GCC_WARN_UNUSED_VARIABLE = YES;
				IPHONEOS_DEPLOYMENT_TARGET = 12.1;
				MTL_ENABLE_DEBUG_INFO = NO;
				MTL_FAST_MATH = YES;
				SDKROOT = iphoneos;
				SWIFT_COMPILATION_MODE = wholemodule;
				SWIFT_OPTIMIZATION_LEVEL = "-O";
				VALIDATE_PRODUCT = YES;
			};
			name = Release;
		};
		84A9A5D221DDD7E8009826BC /* Debug */ = {
			isa = XCBuildConfiguration;
			buildSettings = {
				ASSETCATALOG_COMPILER_APPICON_NAME = AppIcon;
				CODE_SIGN_STYLE = Automatic;
				DEVELOPMENT_TEAM = HSB3FLWF7Q;
				INFOPLIST_FILE = ChatSuggestion/Info.plist;
				LD_RUNPATH_SEARCH_PATHS = (
					"$(inherited)",
					"@executable_path/Frameworks",
				);
				PRODUCT_BUNDLE_IDENTIFIER = example.ChatSuggestion;
				PRODUCT_NAME = "$(TARGET_NAME)";
				SWIFT_VERSION = 4.2;
				TARGETED_DEVICE_FAMILY = "1,2";
			};
			name = Debug;
		};
		84A9A5D321DDD7E8009826BC /* Release */ = {
			isa = XCBuildConfiguration;
			buildSettings = {
				ASSETCATALOG_COMPILER_APPICON_NAME = AppIcon;
				CODE_SIGN_STYLE = Automatic;
				DEVELOPMENT_TEAM = HSB3FLWF7Q;
				INFOPLIST_FILE = ChatSuggestion/Info.plist;
				LD_RUNPATH_SEARCH_PATHS = (
					"$(inherited)",
					"@executable_path/Frameworks",
				);
				PRODUCT_BUNDLE_IDENTIFIER = example.ChatSuggestion;
				PRODUCT_NAME = "$(TARGET_NAME)";
				SWIFT_VERSION = 4.2;
				TARGETED_DEVICE_FAMILY = "1,2";
			};
			name = Release;
		};
/* End XCBuildConfiguration section */

/* Begin XCConfigurationList section */
		84A9A5BA21DDD7E7009826BC /* Build configuration list for PBXProject "ChatSuggestion" */ = {
			isa = XCConfigurationList;
			buildConfigurations = (
				84A9A5CF21DDD7E8009826BC /* Debug */,
				84A9A5D021DDD7E8009826BC /* Release */,
			);
			defaultConfigurationIsVisible = 0;
			defaultConfigurationName = Release;
		};
		84A9A5D121DDD7E8009826BC /* Build configuration list for PBXNativeTarget "ChatSuggestion" */ = {
			isa = XCConfigurationList;
			buildConfigurations = (
				84A9A5D221DDD7E8009826BC /* Debug */,
				84A9A5D321DDD7E8009826BC /* Release */,
			);
			defaultConfigurationIsVisible = 0;
			defaultConfigurationName = Release;
		};
/* End XCConfigurationList section */
	};
	rootObject = 84A9A5B721DDD7E7009826BC /* Project object */;
}
